
Microsoft Visual Studio Solution File, Format Version 12.00
# Visual Studio 15
Project("{FAE04EC0-301F-11D3-BF4B-00C04F79EFBC}") = "minimal_crossing", "Assembly-CSharp-firstpass.csproj", "{46C7DC0A-E194-FE72-A7E0-056CFBD4A27D}"
EndProject
Project("{FAE04EC0-301F-11D3-BF4B-00C04F79EFBC}") = "minimal_crossing", "Assembly-CSharp.csproj", "{87DA1280-7ECE-5B4A-7A4C-12E23E6C4D86}"
EndProject
Global
	GlobalSection(SolutionConfigurationPlatforms) = preSolution
		Debug|Any CPU = Debug|Any CPU
		Release|Any CPU = Release|Any CPU
	EndGlobalSection
	GlobalSection(ProjectConfigurationPlatforms) = postSolution
		{46C7DC0A-E194-FE72-A7E0-056CFBD4A27D}.Debug|Any CPU.ActiveCfg = Debug|Any CPU
		{46C7DC0A-E194-FE72-A7E0-056CFBD4A27D}.Debug|Any CPU.Build.0 = Debug|Any CPU
		{46C7DC0A-E194-FE72-A7E0-056CFBD4A27D}.Release|Any CPU.ActiveCfg = Release|Any CPU
		{46C7DC0A-E194-FE72-A7E0-056CFBD4A27D}.Release|Any CPU.Build.0 = Release|Any CPU
		{87DA1280-7ECE-5B4A-7A4C-12E23E6C4D86}.Debug|Any CPU.ActiveCfg = Debug|Any CPU
		{87DA1280-7ECE-5B4A-7A4C-12E23E6C4D86}.Debug|Any CPU.Build.0 = Debug|Any CPU
		{87DA1280-7ECE-5B4A-7A4C-12E23E6C4D86}.Release|Any CPU.ActiveCfg = Release|Any CPU
		{87DA1280-7ECE-5B4A-7A4C-12E23E6C4D86}.Release|Any CPU.Build.0 = Release|Any CPU
	EndGlobalSection
	GlobalSection(SolutionProperties) = preSolution
		HideSolutionNode = FALSE
	EndGlobalSection
EndGlobal
